
Microsoft Visual Studio Solution File, Format Version 12.00
# Visual Studio Version 17
VisualStudioVersion = 17.11.35327.3
MinimumVisualStudioVersion = 10.0.40219.1
Project("{8BC9CEB8-8B4A-11D0-8D11-00A0C91BC942}") = "Data_Structure_and_Algorithms", "Data_Structure_and_Algorithms\Data_Structure_and_Algorithms.vcxproj", "{DC7A8907-5F60-47F7-99E9-1ACA29FF1CEC}"
EndProject
Global
	GlobalSection(SolutionConfigurationPlatforms) = preSolution
		Debug|x64 = Debug|x64
		Debug|x86 = Debug|x86
		Release|x64 = Release|x64
		Release|x86 = Release|x86
	EndGlobalSection
	GlobalSection(ProjectConfigurationPlatforms) = postSolution
		{DC7A8907-5F60-47F7-99E9-1ACA29FF1CEC}.Debug|x64.ActiveCfg = Debug|x64
		{DC7A8907-5F60-47F7-99E9-1ACA29FF1CEC}.Debug|x64.Build.0 = Debug|x64
		{DC7A8907-5F60-47F7-99E9-1ACA29FF1CEC}.Debug|x86.ActiveCfg = Debug|Win32
		{DC7A8907-5F60-47F7-99E9-1ACA29FF1CEC}.Debug|x86.Build.0 = Debug|Win32
		{DC7A8907-5F60-47F7-99E9-1ACA29FF1CEC}.Release|x64.ActiveCfg = Release|x64
		{DC7A8907-5F60-47F7-99E9-1ACA29FF1CEC}.Release|x64.Build.0 = Release|x64
		{DC7A8907-5F60-47F7-99E9-1ACA29FF1CEC}.Release|x86.ActiveCfg = Release|Win32
		{DC7A8907-5F60-47F7-99E9-1ACA29FF1CEC}.Release|x86.Build.0 = Release|Win32
	EndGlobalSection
	GlobalSection(SolutionProperties) = preSolution
		HideSolutionNode = FALSE
	EndGlobalSection
	GlobalSection(ExtensibilityGlobals) = postSolution
		SolutionGuid = {41CBF3B6-094B-4DA3-BF3A-6C1DE18C38E0}
	EndGlobalSection
EndGlobal
