Microsoft Visual Studio Solution File, Format Version 12.00
# Visual Studio Version 17
VisualStudioVersion = 17.5.2.0
MinimumVisualStudioVersion = 10.0.40219.1
Project("{FAE04EC0-301F-11D3-BF4B-00C04F79EFBC}") = "test_2025_09_16", "test_2025_09_16.csproj", "{DC07E490-1F27-5D5E-9D1C-9AC63B9EE1B7}"
EndProject
Global
	GlobalSection(SolutionConfigurationPlatforms) = preSolution
		Debug|Any CPU = Debug|Any CPU
		Release|Any CPU = Release|Any CPU
	EndGlobalSection
	GlobalSection(ProjectConfigurationPlatforms) = postSolution
		{DC07E490-1F27-5D5E-9D1C-9AC63B9EE1B7}.Debug|Any CPU.ActiveCfg = Debug|Any CPU
		{DC07E490-1F27-5D5E-9D1C-9AC63B9EE1B7}.Debug|Any CPU.Build.0 = Debug|Any CPU
		{DC07E490-1F27-5D5E-9D1C-9AC63B9EE1B7}.Release|Any CPU.ActiveCfg = Release|Any CPU
		{DC07E490-1F27-5D5E-9D1C-9AC63B9EE1B7}.Release|Any CPU.Build.0 = Release|Any CPU
	EndGlobalSection
	GlobalSection(SolutionProperties) = preSolution
		HideSolutionNode = FALSE
	EndGlobalSection
	GlobalSection(ExtensibilityGlobals) = postSolution
		SolutionGuid = {659BB3AC-42FD-4906-A8F3-D17FB742B11B}
	EndGlobalSection
EndGlobal
