{
  "name": "hospital-system",
  "lockfileVersion": 3,
  "requires": true,
  "packages": {
    "": {
      "dependencies": {
        "resedit": "^3.0.1"
      }
    },
    "node_modules/pe-library": {
      "version": "2.0.1",
      "resolved": "https://registry.npmjs.org/pe-library/-/pe-library-2.0.1.tgz",
      "integrity": "sha512-/qjYFqNSlq59B5DI36am++5/3gMgh02QnzpYigrwrW6s+QpU0mHf09/iA4wjTu21UUxodyV7ZCetV5MiDhaN/A==",
      "license": "MIT",
      "engines": {
        "node": ">=20"
      },
      "funding": {
        "type": "github",
        "url": "https://github.com/sponsors/jet2jet"
      }
    },
    "node_modules/resedit": {
      "version": "3.0.1",
      "resolved": "https://registry.npmjs.org/resedit/-/resedit-3.0.1.tgz",
      "integrity": "sha512-edFP9lS/i/nmRuZ/cbfJJvltCXrSJccjf0QackceG/Aj583GM6cmnF+NU+tSRCDRkfGkp8PlNIoTGmmKjO1nxw==",
      "license": "MIT",
      "dependencies": {
        "pe-library": "^2.0.1"
      },
      "engines": {
        "node": ">=20"
      },
      "funding": {
        "type": "github",
        "url": "https://github.com/sponsors/jet2jet"
      }
    }
  }
}
